
Microsoft Visual Studio Solution File, Format Version 12.00
# Visual Studio Version 16
VisualStudioVersion = 16.0.29806.167
MinimumVisualStudioVersion = 10.0.40219.1
Project("{9A19103F-16F7-4668-BE54-9A1E7A4F7556}") = "StorageLibrary", "src\StorageLibrary\StorageLibrary.csproj", "{A7FEE8A9-FB12-4361-BBB6-E13E0194524F}"
EndProject
Project("{2150E333-8FDC-42A3-9474-1A3956D46DE8}") = "tests", "tests", "{FCC2590C-854D-4698-9047-DC23FD425191}"
EndProject
Project("{9A19103F-16F7-4668-BE54-9A1E7A4F7556}") = "StorageLibTests", "tests\StorageLibTests\StorageLibTests.csproj", "{A1EB24AE-6E0D-41D2-9343-F639A043FFEF}"
EndProject
Project("{9A19103F-16F7-4668-BE54-9A1E7A4F7556}") = "AngularWebStorageExplorer", "src\AngularWebStorageExplorer\AngularWebStorageExplorer.csproj", "{E02CB8AE-1E5D-4F7A-8939-97CBAA26105E}"
EndProject
Project("{FAE04EC0-301F-11D3-BF4B-00C04F79EFBC}") = "AzureWebStorageExplorer", "src\AzureWebStorageExplorer\AzureWebStorageExplorer.csproj", "{261438D6-E262-45AF-9C39-4594D8601D54}"
EndProject
Global
	GlobalSection(SolutionConfigurationPlatforms) = preSolution
		Debug|Any CPU = Debug|Any CPU
		Release|Any CPU = Release|Any CPU
	EndGlobalSection
	GlobalSection(ProjectConfigurationPlatforms) = postSolution
		{A7FEE8A9-FB12-4361-BBB6-E13E0194524F}.Debug|Any CPU.ActiveCfg = Debug|Any CPU
		{A7FEE8A9-FB12-4361-BBB6-E13E0194524F}.Debug|Any CPU.Build.0 = Debug|Any CPU
		{A7FEE8A9-FB12-4361-BBB6-E13E0194524F}.Release|Any CPU.ActiveCfg = Release|Any CPU
		{A7FEE8A9-FB12-4361-BBB6-E13E0194524F}.Release|Any CPU.Build.0 = Release|Any CPU
		{A1EB24AE-6E0D-41D2-9343-F639A043FFEF}.Debug|Any CPU.ActiveCfg = Debug|Any CPU
		{A1EB24AE-6E0D-41D2-9343-F639A043FFEF}.Debug|Any CPU.Build.0 = Debug|Any CPU
		{A1EB24AE-6E0D-41D2-9343-F639A043FFEF}.Release|Any CPU.ActiveCfg = Release|Any CPU
		{A1EB24AE-6E0D-41D2-9343-F639A043FFEF}.Release|Any CPU.Build.0 = Release|Any CPU
		{E02CB8AE-1E5D-4F7A-8939-97CBAA26105E}.Debug|Any CPU.ActiveCfg = Debug|Any CPU
		{E02CB8AE-1E5D-4F7A-8939-97CBAA26105E}.Debug|Any CPU.Build.0 = Debug|Any CPU
		{E02CB8AE-1E5D-4F7A-8939-97CBAA26105E}.Release|Any CPU.ActiveCfg = Release|Any CPU
		{E02CB8AE-1E5D-4F7A-8939-97CBAA26105E}.Release|Any CPU.Build.0 = Release|Any CPU
		{261438D6-E262-45AF-9C39-4594D8601D54}.Debug|Any CPU.ActiveCfg = Debug|Any CPU
		{261438D6-E262-45AF-9C39-4594D8601D54}.Debug|Any CPU.Build.0 = Debug|Any CPU
		{261438D6-E262-45AF-9C39-4594D8601D54}.Release|Any CPU.ActiveCfg = Release|Any CPU
		{261438D6-E262-45AF-9C39-4594D8601D54}.Release|Any CPU.Build.0 = Release|Any CPU
	EndGlobalSection
	GlobalSection(SolutionProperties) = preSolution
		HideSolutionNode = FALSE
	EndGlobalSection
	GlobalSection(NestedProjects) = preSolution
		{A1EB24AE-6E0D-41D2-9343-F639A043FFEF} = {FCC2590C-854D-4698-9047-DC23FD425191}
	EndGlobalSection
	GlobalSection(ExtensibilityGlobals) = postSolution
		SolutionGuid = {ECF05A33-E0E9-4E74-A0A6-4E288B8E617F}
	EndGlobalSection
EndGlobal
